// !$*UTF8*$!
{
	archiveVersion = 1;
	classes = {
	};
	objectVersion = 46;
	objects = {

/* Begin PBXBuildFile section */
		80C316091A46F3F800E4493F /* AppDelegate.swift in Sources */ = {isa = PBXBuildFile; fileRef = 80C316081A46F3F800E4493F /* AppDelegate.swift */; };
		80C3160B1A46F3F800E4493F /* ViewController.swift in Sources */ = {isa = PBXBuildFile; fileRef = 80C3160A1A46F3F800E4493F /* ViewController.swift */; };
		80C3160E1A46F3F800E4493F /* Main.storyboard in Resources */ = {isa = PBXBuildFile; fileRef = 80C3160C1A46F3F800E4493F /* Main.storyboard */; };
		80C316101A46F3F800E4493F /* Images.xcassets in Resources */ = {isa = PBXBuildFile; fileRef = 80C3160F1A46F3F800E4493F /* Images.xcassets */; };
		80C316131A46F3F800E4493F /* LaunchScreen.xib in Resources */ = {isa = PBXBuildFile; fileRef = 80C316111A46F3F800E4493F /* LaunchScreen.xib */; };
		80C3161F1A46F3F800E4493F /* FaceDetectionTests.swift in Sources */ = {isa = PBXBuildFile; fileRef = 80C3161E1A46F3F800E4493F /* FaceDetectionTests.swift */; };
		80C316291A46F41F00E4493F /* Visage.swift in Sources */ = {isa = PBXBuildFile; fileRef = 80C316281A46F41F00E4493F /* Visage.swift */; };
/* End PBXBuildFile section */

/* Begin PBXContainerItemProxy section */
		80C316191A46F3F800E4493F /* PBXContainerItemProxy */ = {
			isa = PBXContainerItemProxy;
			containerPortal = 80C315FB1A46F3F800E4493F /* Project object */;
			proxyType = 1;
			remoteGlobalIDString = 80C316021A46F3F800E4493F;
			remoteInfo = FaceDetection;
		};
/* End PBXContainerItemProxy section */

/* Begin PBXFileReference section */
		80C316031A46F3F800E4493F /* FaceDetection.app */ = {isa = PBXFileReference; explicitFileType = wrapper.application; includeInIndex = 0; path = FaceDetection.app; sourceTree = BUILT_PRODUCTS_DIR; };
		80C316071A46F3F800E4493F /* Info.plist */ = {isa = PBXFileReference; lastKnownFileType = text.plist.xml; path = Info.plist; sourceTree = "<group>"; };
		80C316081A46F3F800E4493F /* AppDelegate.swift */ = {isa = PBXFileReference; lastKnownFileType = sourcecode.swift; path = AppDelegate.swift; sourceTree = "<group>"; };
		80C3160A1A46F3F800E4493F /* ViewController.swift */ = {isa = PBXFileReference; lastKnownFileType = sourcecode.swift; path = ViewController.swift; sourceTree = "<group>"; };
		80C3160D1A46F3F800E4493F /* Base */ = {isa = PBXFileReference; lastKnownFileType = file.storyboard; name = Base; path = Base.lproj/Main.storyboard; sourceTree = "<group>"; };
		80C3160F1A46F3F800E4493F /* Images.xcassets */ = {isa = PBXFileReference; lastKnownFileType = folder.assetcatalog; path = Images.xcassets; sourceTree = "<group>"; };
		80C316121A46F3F800E4493F /* Base */ = {isa = PBXFileReference; lastKnownFileType = file.xib; name = Base; path = Base.lproj/LaunchScreen.xib; sourceTree = "<group>"; };
		80C316181A46F3F800E4493F /* FaceDetectionTests.xctest */ = {isa = PBXFileReference; explicitFileType = wrapper.cfbundle; includeInIndex = 0; path = FaceDetectionTests.xctest; sourceTree = BUILT_PRODUCTS_DIR; };
		80C3161D1A46F3F800E4493F /* Info.plist */ = {isa = PBXFileReference; lastKnownFileType = text.plist.xml; path = Info.plist; sourceTree = "<group>"; };
		80C3161E1A46F3F800E4493F /* FaceDetectionTests.swift */ = {isa = PBXFileReference; lastKnownFileType = sourcecode.swift; path = FaceDetectionTests.swift; sourceTree = "<group>"; };
		80C316281A46F41F00E4493F /* Visage.swift */ = {isa = PBXFileReference; fileEncoding = 4; lastKnownFileType = sourcecode.swift; path = Visage.swift; sourceTree = "<group>"; };
/* End PBXFileReference section */

/* Begin PBXFrameworksBuildPhase section */
		80C316001A46F3F800E4493F /* Frameworks */ = {
			isa = PBXFrameworksBuildPhase;
			buildActionMask = 2147483647;
			files = (
			);
			runOnlyForDeploymentPostprocessing = 0;
		};
		80C316151A46F3F800E4493F /* Frameworks */ = {
			isa = PBXFrameworksBuildPhase;
			buildActionMask = 2147483647;
			files = (
			);
			runOnlyForDeploymentPostprocessing = 0;
		};
/* End PBXFrameworksBuildPhase section */

/* Begin PBXGroup section */
		80C315FA1A46F3F800E4493F = {
			isa = PBXGroup;
			children = (
				80C316051A46F3F800E4493F /* FaceDetection */,
				80C3161B1A46F3F800E4493F /* FaceDetectionTests */,
				80C316041A46F3F800E4493F /* Products */,
			);
			sourceTree = "<group>";
		};
		80C316041A46F3F800E4493F /* Products */ = {
			isa = PBXGroup;
			children = (
				80C316031A46F3F800E4493F /* FaceDetection.app */,
				80C316181A46F3F800E4493F /* FaceDetectionTests.xctest */,
			);
			name = Products;
			sourceTree = "<group>";
		};
		80C316051A46F3F800E4493F /* FaceDetection */ = {
			isa = PBXGroup;
			children = (
				80C316081A46F3F800E4493F /* AppDelegate.swift */,
				80C3160A1A46F3F800E4493F /* ViewController.swift */,
				80C316281A46F41F00E4493F /* Visage.swift */,
				80C3160C1A46F3F800E4493F /* Main.storyboard */,
				80C3160F1A46F3F800E4493F /* Images.xcassets */,
				80C316111A46F3F800E4493F /* LaunchScreen.xib */,
				80C316061A46F3F800E4493F /* Supporting Files */,
			);
			path = FaceDetection;
			sourceTree = "<group>";
		};
		80C316061A46F3F800E4493F /* Supporting Files */ = {
			isa = PBXGroup;
			children = (
				80C316071A46F3F800E4493F /* Info.plist */,
			);
			name = "Supporting Files";
			sourceTree = "<group>";
		};
		80C3161B1A46F3F800E4493F /* FaceDetectionTests */ = {
			isa = PBXGroup;
			children = (
				80C3161E1A46F3F800E4493F /* FaceDetectionTests.swift */,
				80C3161C1A46F3F800E4493F /* Supporting Files */,
			);
			path = FaceDetectionTests;
			sourceTree = "<group>";
		};
		80C3161C1A46F3F800E4493F /* Supporting Files */ = {
			isa = PBXGroup;
			children = (
				80C3161D1A46F3F800E4493F /* Info.plist */,
			);
			name = "Supporting Files";
			sourceTree = "<group>";
		};
/* End PBXGroup section */

/* Begin PBXNativeTarget section */
		80C316021A46F3F800E4493F /* FaceDetection */ = {
			isa = PBXNativeTarget;
			buildConfigurationList = 80C316221A46F3F800E4493F /* Build configuration list for PBXNativeTarget "FaceDetection" */;
			buildPhases = (
				80C315FF1A46F3F800E4493F /* Sources */,
				80C316001A46F3F800E4493F /* Frameworks */,
				80C316011A46F3F800E4493F /* Resources */,
			);
			buildRules = (
			);
			dependencies = (
			);
			name = FaceDetection;
			productName = FaceDetection;
			productReference = 80C316031A46F3F800E4493F /* FaceDetection.app */;
			productType = "com.apple.product-type.application";
		};
		80C316171A46F3F800E4493F /* FaceDetectionTests */ = {
			isa = PBXNativeTarget;
			buildConfigurationList = 80C316251A46F3F800E4493F /* Build configuration list for PBXNativeTarget "FaceDetectionTests" */;
			buildPhases = (
				80C316141A46F3F800E4493F /* Sources */,
				80C316151A46F3F800E4493F /* Frameworks */,
				80C316161A46F3F800E4493F /* Resources */,
			);
			buildRules = (
			);
			dependencies = (
				80C3161A1A46F3F800E4493F /* PBXTargetDependency */,
			);
			name = FaceDetectionTests;
			productName = FaceDetectionTests;
			productReference = 80C316181A46F3F800E4493F /* FaceDetectionTests.xctest */;
			productType = "com.apple.product-type.bundle.unit-test";
		};
/* End PBXNativeTarget section */

/* Begin PBXProject section */
		80C315FB1A46F3F800E4493F /* Project object */ = {
			isa = PBXProject;
			attributes = {
				LastSwiftMigration = 0720;
				LastSwiftUpdateCheck = 0720;
				LastUpgradeCheck = 0620;
				ORGANIZATIONNAME = "Aaron Abentheuer";
				TargetAttributes = {
					80C316021A46F3F800E4493F = {
						CreatedOnToolsVersion = 6.2;
					};
					80C316171A46F3F800E4493F = {
						CreatedOnToolsVersion = 6.2;
						TestTargetID = 80C316021A46F3F800E4493F;
					};
				};
			};
			buildConfigurationList = 80C315FE1A46F3F800E4493F /* Build configuration list for PBXProject "FaceDetection" */;
			compatibilityVersion = "Xcode 3.2";
			developmentRegion = English;
			hasScannedForEncodings = 0;
			knownRegions = (
				en,
				Base,
			);
			mainGroup = 80C315FA1A46F3F800E4493F;
			productRefGroup = 80C316041A46F3F800E4493F /* Products */;
			projectDirPath = "";
			projectRoot = "";
			targets = (
				80C316021A46F3F800E4493F /* FaceDetection */,
				80C316171A46F3F800E4493F /* FaceDetectionTests */,
			);
		};
/* End PBXProject section */

/* Begin PBXResourcesBuildPhase section */
		80C316011A46F3F800E4493F /* Resources */ = {
			isa = PBXResourcesBuildPhase;
			buildActionMask = 2147483647;
			files = (
				80C3160E1A46F3F800E4493F /* Main.storyboard in Resources */,
				80C316131A46F3F800E4493F /* LaunchScreen.xib in Resources */,
				80C316101A46F3F800E4493F /* Images.xcassets in Resources */,
			);
			runOnlyForDeploymentPostprocessing = 0;
		};
		80C316161A46F3F800E4493F /* Resources */ = {
			isa = PBXResourcesBuildPhase;
			buildActionMask = 2147483647;
			files = (
			);
			runOnlyForDeploymentPostprocessing = 0;
		};
/* End PBXResourcesBuildPhase section */

/* Begin PBXSourcesBuildPhase section */
		80C315FF1A46F3F800E4493F /* Sources */ = {
			isa = PBXSourcesBuildPhase;
			buildActionMask = 2147483647;
			files = (
				80C3160B1A46F3F800E4493F /* ViewController.swift in Sources */,
				80C316291A46F41F00E4493F /* Visage.swift in Sources */,
				80C316091A46F3F800E4493F /* AppDelegate.swift in Sources */,
			);
			runOnlyForDeploymentPostprocessing = 0;
		};
		80C316141A46F3F800E4493F /* Sources */ = {
			isa = PBXSourcesBuildPhase;
			buildActionMask = 2147483647;
			files = (
				80C3161F1A46F3F800E4493F /* FaceDetectionTests.swift in Sources */,
			);
			runOnlyForDeploymentPostprocessing = 0;
		};
/* End PBXSourcesBuildPhase section */

/* Begin PBXTargetDependency section */
		80C3161A1A46F3F800E4493F /* PBXTargetDependency */ = {
			isa = PBXTargetDependency;
			target = 80C316021A46F3F800E4493F /* FaceDetection */;
			targetProxy = 80C316191A46F3F800E4493F /* PBXContainerItemProxy */;
		};
/* End PBXTargetDependency section */

/* Begin PBXVariantGroup section */
		80C3160C1A46F3F800E4493F /* Main.storyboard */ = {
			isa = PBXVariantGroup;
			children = (
				80C3160D1A46F3F800E4493F /* Base */,
			);
			name = Main.storyboard;
			sourceTree = "<group>";
		};
		80C316111A46F3F800E4493F /* LaunchScreen.xib */ = {
			isa = PBXVariantGroup;
			children = (
				80C316121A46F3F800E4493F /* Base */,
			);
			name = LaunchScreen.xib;
			sourceTree = "<group>";
		};
/* End PBXVariantGroup section */

/* Begin XCBuildConfiguration section */
		80C316201A46F3F800E4493F /* Debug */ = {
			isa = XCBuildConfiguration;
			buildSettings = {
				ALWAYS_SEARCH_USER_PATHS = NO;
				CLANG_CXX_LANGUAGE_STANDARD = "gnu++0x";
				CLANG_CXX_LIBRARY = "libc++";
				CLANG_ENABLE_MODULES = YES;
				CLANG_ENABLE_OBJC_ARC = YES;
				CLANG_WARN_BOOL_CONVERSION = YES;
				CLANG_WARN_CONSTANT_CONVERSION = YES;
				CLANG_WARN_DIRECT_OBJC_ISA_USAGE = YES_ERROR;
				CLANG_WARN_EMPTY_BODY = YES;
				CLANG_WARN_ENUM_CONVERSION = YES;
				CLANG_WARN_INT_CONVERSION = YES;
				CLANG_WARN_OBJC_ROOT_CLASS = YES_ERROR;
				CLANG_WARN_UNREACHABLE_CODE = YES;
				CLANG_WARN__DUPLICATE_METHOD_MATCH = YES;
				"CODE_SIGN_IDENTITY[sdk=iphoneos*]" = "iPhone Developer";
				COPY_PHASE_STRIP = NO;
				ENABLE_STRICT_OBJC_MSGSEND = YES;
				GCC_C_LANGUAGE_STANDARD = gnu99;
				GCC_DYNAMIC_NO_PIC = NO;
				GCC_OPTIMIZATION_LEVEL = 0;
				GCC_PREPROCESSOR_DEFINITIONS = (
					"DEBUG=1",
					"$(inherited)",
				);
				GCC_SYMBOLS_PRIVATE_EXTERN = NO;
				GCC_WARN_64_TO_32_BIT_CONVERSION = YES;
				GCC_WARN_ABOUT_RETURN_TYPE = YES_ERROR;
				GCC_WARN_UNDECLARED_SELECTOR = YES;
				GCC_WARN_UNINITIALIZED_AUTOS = YES_AGGRESSIVE;
				GCC_WARN_UNUSED_FUNCTION = YES;
				GCC_WARN_UNUSED_VARIABLE = YES;
				IPHONEOS_DEPLOYMENT_TARGET = 8.2;
				MTL_ENABLE_DEBUG_INFO = YES;
				ONLY_ACTIVE_ARCH = YES;
				SDKROOT = iphoneos;
				SWIFT_OPTIMIZATION_LEVEL = "-Onone";
				TARGETED_DEVICE_FAMILY = "1,2";
			};
			name = Debug;
		};
		80C316211A46F3F800E4493F /* Release */ = {
			isa = XCBuildConfiguration;
			buildSettings = {
				ALWAYS_SEARCH_USER_PATHS = NO;
				CLANG_CXX_LANGUAGE_STANDARD = "gnu++0x";
				CLANG_CXX_LIBRARY = "libc++";
				CLANG_ENABLE_MODULES = YES;
				CLANG_ENABLE_OBJC_ARC = YES;
				CLANG_WARN_BOOL_CONVERSION = YES;
				CLANG_WARN_CONSTANT_CONVERSION = YES;
				CLANG_WARN_DIRECT_OBJC_ISA_USAGE = YES_ERROR;
				CLANG_WARN_EMPTY_BODY = YES;
				CLANG_WARN_ENUM_CONVERSION = YES;
				CLANG_WARN_INT_CONVERSION = YES;
				CLANG_WARN_OBJC_ROOT_CLASS = YES_ERROR;
				CLANG_WARN_UNREACHABLE_CODE = YES;
				CLANG_WARN__DUPLICATE_METHOD_MATCH = YES;
				"CODE_SIGN_IDENTITY[sdk=iphoneos*]" = "iPhone Developer";
				COPY_PHASE_STRIP = YES;
				ENABLE_NS_ASSERTIONS = NO;
				ENABLE_STRICT_OBJC_MSGSEND = YES;
				GCC_C_LANGUAGE_STANDARD = gnu99;
				GCC_WARN_64_TO_32_BIT_CONVERSION = YES;
				GCC_WARN_ABOUT_RETURN_TYPE = YES_ERROR;
				GCC_WARN_UNDECLARED_SELECTOR = YES;
				GCC_WARN_UNINITIALIZED_AUTOS = YES_AGGRESSIVE;
				GCC_WARN_UNUSED_FUNCTION = YES;
				GCC_WARN_UNUSED_VARIABLE = YES;
				IPHONEOS_DEPLOYMENT_TARGET = 8.2;
				MTL_ENABLE_DEBUG_INFO = NO;
				SDKROOT = iphoneos;
				TARGETED_DEVICE_FAMILY = "1,2";
				VALIDATE_PRODUCT = YES;
			};
			name = Release;
		};
		80C316231A46F3F800E4493F /* Debug */ = {
			isa = XCBuildConfiguration;
			buildSettings = {
				ASSETCATALOG_COMPILER_APPICON_NAME = AppIcon;
				INFOPLIST_FILE = FaceDetection/Info.plist;
				LD_RUNPATH_SEARCH_PATHS = "$(inherited) @executable_path/Frameworks";
				PRODUCT_NAME = "$(TARGET_NAME)";
				TARGETED_DEVICE_FAMILY = 1;
			};
			name = Debug;
		};
		80C316241A46F3F800E4493F /* Release */ = {
			isa = XCBuildConfiguration;
			buildSettings = {
				ASSETCATALOG_COMPILER_APPICON_NAME = AppIcon;
				INFOPLIST_FILE = FaceDetection/Info.plist;
				LD_RUNPATH_SEARCH_PATHS = "$(inherited) @executable_path/Frameworks";
				PRODUCT_NAME = "$(TARGET_NAME)";
				TARGETED_DEVICE_FAMILY = 1;
			};
			name = Release;
		};
		80C316261A46F3F800E4493F /* Debug */ = {
			isa = XCBuildConfiguration;
			buildSettings = {
				BUNDLE_LOADER = "$(TEST_HOST)";
				FRAMEWORK_SEARCH_PATHS = (
					"$(SDKROOT)/Developer/Library/Frameworks",
					"$(inherited)",
				);
				GCC_PREPROCESSOR_DEFINITIONS = (
					"DEBUG=1",
					"$(inherited)",
				);
				INFOPLIST_FILE = FaceDetectionTests/Info.plist;
				LD_RUNPATH_SEARCH_PATHS = "$(inherited) @executable_path/Frameworks @loader_path/Frameworks";
				PRODUCT_NAME = "$(TARGET_NAME)";
				TEST_HOST = "$(BUILT_PRODUCTS_DIR)/FaceDetection.app/FaceDetection";
			};
			name = Debug;
		};
		80C316271A46F3F800E4493F /* Release */ = {
			isa = XCBuildConfiguration;
			buildSettings = {
				BUNDLE_LOADER = "$(TEST_HOST)";
				FRAMEWORK_SEARCH_PATHS = (
					"$(SDKROOT)/Developer/Library/Frameworks",
					"$(inherited)",
				);
				INFOPLIST_FILE = FaceDetectionTests/Info.plist;
				LD_RUNPATH_SEARCH_PATHS = "$(inherited) @executable_path/Frameworks @loader_path/Frameworks";
				PRODUCT_NAME = "$(TARGET_NAME)";
				TEST_HOST = "$(BUILT_PRODUCTS_DIR)/FaceDetection.app/FaceDetection";
			};
			name = Release;
		};
/* End XCBuildConfiguration section */

/* Begin XCConfigurationList section */
		80C315FE1A46F3F800E4493F /* Build configuration list for PBXProject "FaceDetection" */ = {
			isa = XCConfigurationList;
			buildConfigurations = (
				80C316201A46F3F800E4493F /* Debug */,
				80C316211A46F3F800E4493F /* Release */,
			);
			defaultConfigurationIsVisible = 0;
			defaultConfigurationName = Release;
		};
		80C316221A46F3F800E4493F /* Build configuration list for PBXNativeTarget "FaceDetection" */ = {
			isa = XCConfigurationList;
			buildConfigurations = (
				80C316231A46F3F800E4493F /* Debug */,
				80C316241A46F3F800E4493F /* Release */,
			);
			defaultConfigurationIsVisible = 0;
			defaultConfigurationName = Release;
		};
		80C316251A46F3F800E4493F /* Build configuration list for PBXNativeTarget "FaceDetectionTests" */ = {
			isa = XCConfigurationList;
			buildConfigurations = (
				80C316261A46F3F800E4493F /* Debug */,
				80C316271A46F3F800E4493F /* Release */,
			);
			defaultConfigurationIsVisible = 0;
			defaultConfigurationName = Release;
		};
/* End XCConfigurationList section */
	};
	rootObject = 80C315FB1A46F3F800E4493F /* Project object */;
}
